PackratFormat: 1.1
PackratVersion: 0.1.0
RVersion: 3.0.1
Repos: http://cran.rstudio.com,
  http://bioconductor.org/packages/2.12/bioc,
  http://bioconductor.org/packages/2.12/data/annotation,
  http://bioconductor.org/packages/2.12/data/experiment,
  http://bioconductor.org/packages/2.12/extra

Package: bitops
Source: CRAN
Version: 1.0-5

Package: caTools
Source: CRAN
Version: 1.14
Requires: bitops

Package: colorspace
Source: CRAN
Version: 1.2-2

Package: dichromat
Source: CRAN
Version: 2.0-0

Package: digest
Source: CRAN
Version: 0.6.3

Package: httpuv
Source: github
Version: 1.2.0.99
Requires: Rcpp
GithubRepo: httpuv
GithubUsername: jcheng5
GithubRef: udp
GithubSha1: 8e829b94f2e8e27beffbe0916244c4bc5c024777

Package: labeling
Source: CRAN
Version: 0.1

Package: lattice
Source: CRAN
Version: 0.20-15

Package: leaflet
Source: github
Version: 1.0
Requires: shiny, RJSONIO
GithubRepo: leaflet-shiny
GithubUsername: jcheng5
GithubRef: wip
GithubSha1: e80683ec9142ae7868ece57d5c96b239e592e526

Package: munsell
Source: CRAN
Version: 0.4
Requires: colorspace

Package: packrat
Source: github
Version: 0.1.0
GithubRepo: packrat
GithubUsername: rstudio
GithubRef: master
GithubSha1: 0e360b5c15d319b796a1d4fdc83a2c5ae7a67333

Package: plyr
Source: CRAN
Version: 1.8

Package: RColorBrewer
Source: CRAN
Version: 1.0-5

Package: Rcpp
Source: CRAN
Version: 0.10.6

Package: RJSONIO
Source: CRAN
Version: 1.0-3

Package: scales
Source: CRAN
Version: 0.2.3
Requires: RColorBrewer, stringr, dichromat, munsell, plyr, labeling

Package: shiny
Source: github
Version: 0.8.0.99
Requires: httpuv, caTools, RJSONIO, xtable, digest
GithubRepo: shiny
GithubUsername: rstudio
GithubRef: feature/showcase-mode
GithubSha1: 58fe5f263ff3fb16d2c30dbc5a65aa8cbd027fcf

Package: stringr
Source: CRAN
Version: 0.6.2

Package: xtable
Source: CRAN
Version: 1.7-1
